
Microsoft Visual Studio Solution File, Format Version 12.00
# Visual Studio 15
VisualStudioVersion = 15.0.26430.16
MinimumVisualStudioVersion = 10.0.40219.1
Project("{FAE04EC0-301F-11D3-BF4B-00C04F79EFBC}") = "ImportMultipleGitReposInVsts", "ImportMultipleGitReposInVsts\ImportMultipleGitReposInVsts.csproj", "{1CAA6DB0-23AD-4FF8-BF79-4D2C5BF46C97}"
EndProject
Global
	GlobalSection(SolutionConfigurationPlatforms) = preSolution
		Debug|Any CPU = Debug|Any CPU
		Release|Any CPU = Release|Any CPU
	EndGlobalSection
	GlobalSection(ProjectConfigurationPlatforms) = postSolution
		{1CAA6DB0-23AD-4FF8-BF79-4D2C5BF46C97}.Debug|Any CPU.ActiveCfg = Debug|Any CPU
		{1CAA6DB0-23AD-4FF8-BF79-4D2C5BF46C97}.Debug|Any CPU.Build.0 = Debug|Any CPU
		{1CAA6DB0-23AD-4FF8-BF79-4D2C5BF46C97}.Release|Any CPU.ActiveCfg = Release|Any CPU
		{1CAA6DB0-23AD-4FF8-BF79-4D2C5BF46C97}.Release|Any CPU.Build.0 = Release|Any CPU
	EndGlobalSection
	GlobalSection(SolutionProperties) = preSolution
		HideSolutionNode = FALSE
	EndGlobalSection
	GlobalSection(CodealikeProperties) = postSolution
		SolutionGuid = 7332c3f8-072f-49af-818f-bc3e18f7c303
	EndGlobalSection
EndGlobal
